
Microsoft Visual Studio Solution File, Format Version 12.00
# Visual Studio 2012
Project("{FAE04EC0-301F-11D3-BF4B-00C04F79EFBC}") = "Web.Optimization.Bundles.Less", "Web.Optimization.Bundles.Less\Web.Optimization.Bundles.Less.csproj", "{D9F13466-AD69-4270-A9E4-EB8E31727D75}"
EndProject
Project("{FAE04EC0-301F-11D3-BF4B-00C04F79EFBC}") = "Web.Optimization.Bundles.CoffeeScript", "Web.Optimization.Bundles.CoffeeScript\Web.Optimization.Bundles.CoffeeScript.csproj", "{28A5ECA4-27AF-44BE-B0CC-62DED84A8F3D}"
EndProject
Project("{2150E333-8FDC-42A3-9474-1A3956D46DE8}") = ".nuget", ".nuget", "{97E84ED3-AB7B-4D92-B66C-A3AD55AFBF38}"
	ProjectSection(SolutionItems) = preProject
		.nuget\NuGet.exe = .nuget\NuGet.exe
		.nuget\NuGet.targets = .nuget\NuGet.targets
		.nuget\packages.config = .nuget\packages.config
	EndProjectSection
EndProject
Project("{FAE04EC0-301F-11D3-BF4B-00C04F79EFBC}") = "Web.Optimization", "Web.Optimization\Web.Optimization.csproj", "{D9C9A9C8-08C1-4028-A9E5-C4387E910F76}"
EndProject
Project("{FAE04EC0-301F-11D3-BF4B-00C04F79EFBC}") = "Web.Optimization.Bundles.Sass", "Web.Optimization.Bundles.Sass\Web.Optimization.Bundles.Sass.csproj", "{848A1771-B4AF-4BA8-8C9B-233403272E1D}"
EndProject
Project("{FAE04EC0-301F-11D3-BF4B-00C04F79EFBC}") = "Web.Optimization.Bundles.YUI", "Web.Optimization.Bundles.YUI\Web.Optimization.Bundles.YUI.csproj", "{7E2C7DF2-FE57-412E-9958-7C90EBDA4E57}"
EndProject
Project("{FAE04EC0-301F-11D3-BF4B-00C04F79EFBC}") = "Web.Optimization.Bundles.AjaxMin", "Web.Optimization.Bundles.AjaxMin\Web.Optimization.Bundles.AjaxMin.csproj", "{EB1BC172-CE97-4B0B-85AC-5C249510F24C}"
EndProject
Project("{FAE04EC0-301F-11D3-BF4B-00C04F79EFBC}") = "MvcApplication1", "MvcApplication1\MvcApplication1.csproj", "{A42E05F4-6CF6-498E-A052-B5CCD87E6073}"
EndProject
Global
	GlobalSection(SolutionConfigurationPlatforms) = preSolution
		Debug|Any CPU = Debug|Any CPU
		Release|Any CPU = Release|Any CPU
	EndGlobalSection
	GlobalSection(ProjectConfigurationPlatforms) = postSolution
		{D9F13466-AD69-4270-A9E4-EB8E31727D75}.Debug|Any CPU.ActiveCfg = Debug|Any CPU
		{D9F13466-AD69-4270-A9E4-EB8E31727D75}.Debug|Any CPU.Build.0 = Debug|Any CPU
		{D9F13466-AD69-4270-A9E4-EB8E31727D75}.Release|Any CPU.ActiveCfg = Release|Any CPU
		{D9F13466-AD69-4270-A9E4-EB8E31727D75}.Release|Any CPU.Build.0 = Release|Any CPU
		{28A5ECA4-27AF-44BE-B0CC-62DED84A8F3D}.Debug|Any CPU.ActiveCfg = Debug|Any CPU
		{28A5ECA4-27AF-44BE-B0CC-62DED84A8F3D}.Debug|Any CPU.Build.0 = Debug|Any CPU
		{28A5ECA4-27AF-44BE-B0CC-62DED84A8F3D}.Release|Any CPU.ActiveCfg = Release|Any CPU
		{28A5ECA4-27AF-44BE-B0CC-62DED84A8F3D}.Release|Any CPU.Build.0 = Release|Any CPU
		{D9C9A9C8-08C1-4028-A9E5-C4387E910F76}.Debug|Any CPU.ActiveCfg = Debug|Any CPU
		{D9C9A9C8-08C1-4028-A9E5-C4387E910F76}.Debug|Any CPU.Build.0 = Debug|Any CPU
		{D9C9A9C8-08C1-4028-A9E5-C4387E910F76}.Release|Any CPU.ActiveCfg = Release|Any CPU
		{D9C9A9C8-08C1-4028-A9E5-C4387E910F76}.Release|Any CPU.Build.0 = Release|Any CPU
		{848A1771-B4AF-4BA8-8C9B-233403272E1D}.Debug|Any CPU.ActiveCfg = Debug|Any CPU
		{848A1771-B4AF-4BA8-8C9B-233403272E1D}.Debug|Any CPU.Build.0 = Debug|Any CPU
		{848A1771-B4AF-4BA8-8C9B-233403272E1D}.Release|Any CPU.ActiveCfg = Release|Any CPU
		{848A1771-B4AF-4BA8-8C9B-233403272E1D}.Release|Any CPU.Build.0 = Release|Any CPU
		{7E2C7DF2-FE57-412E-9958-7C90EBDA4E57}.Debug|Any CPU.ActiveCfg = Debug|Any CPU
		{7E2C7DF2-FE57-412E-9958-7C90EBDA4E57}.Debug|Any CPU.Build.0 = Debug|Any CPU
		{7E2C7DF2-FE57-412E-9958-7C90EBDA4E57}.Release|Any CPU.ActiveCfg = Release|Any CPU
		{7E2C7DF2-FE57-412E-9958-7C90EBDA4E57}.Release|Any CPU.Build.0 = Release|Any CPU
		{EB1BC172-CE97-4B0B-85AC-5C249510F24C}.Debug|Any CPU.ActiveCfg = Debug|Any CPU
		{EB1BC172-CE97-4B0B-85AC-5C249510F24C}.Debug|Any CPU.Build.0 = Debug|Any CPU
		{EB1BC172-CE97-4B0B-85AC-5C249510F24C}.Release|Any CPU.ActiveCfg = Release|Any CPU
		{EB1BC172-CE97-4B0B-85AC-5C249510F24C}.Release|Any CPU.Build.0 = Release|Any CPU
		{A42E05F4-6CF6-498E-A052-B5CCD87E6073}.Debug|Any CPU.ActiveCfg = Debug|Any CPU
		{A42E05F4-6CF6-498E-A052-B5CCD87E6073}.Debug|Any CPU.Build.0 = Debug|Any CPU
		{A42E05F4-6CF6-498E-A052-B5CCD87E6073}.Release|Any CPU.ActiveCfg = Release|Any CPU
		{A42E05F4-6CF6-498E-A052-B5CCD87E6073}.Release|Any CPU.Build.0 = Release|Any CPU
	EndGlobalSection
	GlobalSection(SolutionProperties) = preSolution
		HideSolutionNode = FALSE
	EndGlobalSection
EndGlobal
